<?xml version="1.0" encoding="utf-8"?>
<Project ToolsVersion="4.0" xmlns="http://schemas.microsoft.com/developer/msbuild/2003">
  <ItemGroup>
    <Filter Include="源文件">
      <UniqueIdentifier>{4FC737F1-C7A5-4376-A066-2A32D752A2FF}</UniqueIdentifier>
      <Extensions>cpp;c;cc;cxx;def;odl;idl;hpj;bat;asm;asmx</Extensions>
    </Filter>
    <Filter Include="头文件">
      <UniqueIdentifier>{93995380-89BD-4b04-88EB-625FBE52EBFB}</UniqueIdentifier>
      <Extensions>h;hpp;hxx;hm;inl;inc;xsd</Extensions>
    </Filter>
    <Filter Include="资源文件">
      <UniqueIdentifier>{67DA6AB6-F800-4c08-8B7A-83BB121AAD01}</UniqueIdentifier>
      <Extensions>rc;ico;cur;bmp;dlg;rc2;rct;bin;rgs;gif;jpg;jpeg;jpe;resx;tiff;tif;png;wav;mfcribbon-ms</Extensions>
    </Filter>
    <Filter Include="cppsqlite3">
      <UniqueIdentifier>{97edce3c-9149-44ca-974e-40cf1a7ac15b}</UniqueIdentifier>
    </Filter>
    <Filter Include="dlib">
      <UniqueIdentifier>{09753efa-9292-40d8-9cb5-9f41372c8ddc}</UniqueIdentifier>
    </Filter>
  </ItemGroup>
  <ItemGroup>
    <ClCompile Include="main.cpp">
      <Filter>源文件</Filter>
    </ClCompile>
    <ClCompile Include="faces_classify.cpp">
      <Filter>源文件</Filter>
    </ClCompile>
    <ClCompile Include="cppsqlite3\CppSQLite3.cpp">
      <Filter>cppsqlite3</Filter>
    </ClCompile>
    <ClCompile Include="cppsqlite3\shell.c">
      <Filter>cppsqlite3</Filter>
    </ClCompile>
    <ClCompile Include="cppsqlite3\sqlite3.c">
      <Filter>cppsqlite3</Filter>
    </ClCompile>
    <ClCompile Include="StrTransfer.cpp">
      <Filter>源文件</Filter>
    </ClCompile>
  </ItemGroup>
  <ItemGroup>
    <ClInclude Include="config.h">
      <Filter>头文件</Filter>
    </ClInclude>
    <ClInclude Include="faces_classify.h">
      <Filter>头文件</Filter>
    </ClInclude>
    <ClInclude Include="cppsqlite3\CppSQLite3.h">
      <Filter>cppsqlite3</Filter>
    </ClInclude>
    <ClInclude Include="cppsqlite3\sqlite3.h">
      <Filter>cppsqlite3</Filter>
    </ClInclude>
    <ClInclude Include="cppsqlite3\sqlite3ext.h">
      <Filter>cppsqlite3</Filter>
    </ClInclude>
    <ClInclude Include="mString.h">
      <Filter>头文件</Filter>
    </ClInclude>
    <ClInclude Include="StrTransfer.h">
      <Filter>头文件</Filter>
    </ClInclude>
    <ClInclude Include="stdafx.h">
      <Filter>头文件</Filter>
    </ClInclude>
    <ClInclude Include="chinese_whispers.h">
      <Filter>dlib</Filter>
    </ClInclude>
    <ClInclude Include="ordered_sample_pair.h">
      <Filter>dlib</Filter>
    </ClInclude>
    <ClInclude Include="sample_pair.h">
      <Filter>dlib</Filter>
    </ClInclude>
  </ItemGroup>
  <ItemGroup>
    <Text Include="cppsqlite3\ReadMe.txt">
      <Filter>cppsqlite3</Filter>
    </Text>
  </ItemGroup>
</Project>